
Microsoft Visual Studio Solution File, Format Version 12.00
# Visual Studio Version 16
VisualStudioVersion = 16.0.29728.190
MinimumVisualStudioVersion = 10.0.40219.1
Project("{FAE04EC0-301F-11D3-BF4B-00C04F79EFBC}") = "XNovaOne-dotnetCore", "XNovaOne-dotnetCore\XNovaOne-dotnetCore.csproj", "{8A3105BF-CF7D-4F9E-800B-B7AD49E01F8E}"
EndProject
Global
	GlobalSection(SolutionConfigurationPlatforms) = preSolution
		Debug|Any CPU = Debug|Any CPU
		Release|Any CPU = Release|Any CPU
	EndGlobalSection
	GlobalSection(ProjectConfigurationPlatforms) = postSolution
		{8A3105BF-CF7D-4F9E-800B-B7AD49E01F8E}.Debug|Any CPU.ActiveCfg = Debug|Any CPU
		{8A3105BF-CF7D-4F9E-800B-B7AD49E01F8E}.Debug|Any CPU.Build.0 = Debug|Any CPU
		{8A3105BF-CF7D-4F9E-800B-B7AD49E01F8E}.Release|Any CPU.ActiveCfg = Release|Any CPU
		{8A3105BF-CF7D-4F9E-800B-B7AD49E01F8E}.Release|Any CPU.Build.0 = Release|Any CPU
	EndGlobalSection
	GlobalSection(SolutionProperties) = preSolution
		HideSolutionNode = FALSE
	EndGlobalSection
	GlobalSection(ExtensibilityGlobals) = postSolution
		SolutionGuid = {4831903E-09A7-4F84-9E7B-61E68573FAF2}
	EndGlobalSection
EndGlobal
